
Microsoft Visual Studio Solution File, Format Version 12.00
# Visual Studio Version 17
VisualStudioVersion = 17.9.34310.174
MinimumVisualStudioVersion = 10.0.40219.1
Project("{FAE04EC0-301F-11D3-BF4B-00C04F79EFBC}") = "SampleSizeTitleView", "SampleSizeTitleView\SampleSizeTitleView.csproj", "{68DD34B6-427D-4797-9C57-ED8DDFF49B0A}"
EndProject
Global
	GlobalSection(SolutionConfigurationPlatforms) = preSolution
		Debug|Any CPU = Debug|Any CPU
		Release|Any CPU = Release|Any CPU
	EndGlobalSection
	GlobalSection(ProjectConfigurationPlatforms) = postSolution
		{68DD34B6-427D-4797-9C57-ED8DDFF49B0A}.Debug|Any CPU.ActiveCfg = Debug|Any CPU
		{68DD34B6-427D-4797-9C57-ED8DDFF49B0A}.Debug|Any CPU.Build.0 = Debug|Any CPU
		{68DD34B6-427D-4797-9C57-ED8DDFF49B0A}.Debug|Any CPU.Deploy.0 = Debug|Any CPU
		{68DD34B6-427D-4797-9C57-ED8DDFF49B0A}.Release|Any CPU.ActiveCfg = Release|Any CPU
		{68DD34B6-427D-4797-9C57-ED8DDFF49B0A}.Release|Any CPU.Build.0 = Release|Any CPU
		{68DD34B6-427D-4797-9C57-ED8DDFF49B0A}.Release|Any CPU.Deploy.0 = Release|Any CPU
	EndGlobalSection
	GlobalSection(SolutionProperties) = preSolution
		HideSolutionNode = FALSE
	EndGlobalSection
	GlobalSection(ExtensibilityGlobals) = postSolution
		SolutionGuid = {20C1FCFF-E10F-4F8B-8CCC-6C4F434BB504}
	EndGlobalSection
EndGlobal
